# This file is automatically @generated by Cargo.
# It is not intended for manual editing.
[[package]]
name = "shuffle"
version = "0.1.0"
source = "git+https://github.com/dashaw92/uno-rs#ab484d981acf7f5ddb05a201327ceb876c69344f"

[[package]]
name = "uno"
version = "0.1.0"
source = "git+https://github.com/dashaw92/uno-rs#ab484d981acf7f5ddb05a201327ceb876c69344f"
dependencies = [
 "shuffle 0.1.0 (git+https://github.com/dashaw92/uno-rs)",
]

[[package]]
name = "uno-server"
version = "0.1.0"
dependencies = [
 "uno 0.1.0 (git+https://github.com/dashaw92/uno-rs)",
]

[metadata]
"checksum shuffle 0.1.0 (git+https://github.com/dashaw92/uno-rs)" = "<none>"
"checksum uno 0.1.0 (git+https://github.com/dashaw92/uno-rs)" = "<none>"
